
Microsoft Visual Studio Solution File, Format Version 12.00
# Visual Studio Version 17
VisualStudioVersion = 17.6.33712.159
MinimumVisualStudioVersion = 10.0.40219.1
Project("{FAE04EC0-301F-11D3-BF4B-00C04F79EFBC}") = "ApiTestTask", "ApiTestTask\ApiTestTask.csproj", "{29151125-E3ED-4133-AE84-54F27ADA0085}"
EndProject
Project("{FAE04EC0-301F-11D3-BF4B-00C04F79EFBC}") = "ApiTestTask.Core", "ApiTestTask.Core\ApiTestTask.Core.csproj", "{C975D4AC-AC86-4C68-B2B6-74869EF0C806}"
EndProject
Global
	GlobalSection(SolutionConfigurationPlatforms) = preSolution
		Debug|Any CPU = Debug|Any CPU
		Release|Any CPU = Release|Any CPU
	EndGlobalSection
	GlobalSection(ProjectConfigurationPlatforms) = postSolution
		{29151125-E3ED-4133-AE84-54F27ADA0085}.Debug|Any CPU.ActiveCfg = Debug|Any CPU
		{29151125-E3ED-4133-AE84-54F27ADA0085}.Debug|Any CPU.Build.0 = Debug|Any CPU
		{29151125-E3ED-4133-AE84-54F27ADA0085}.Release|Any CPU.ActiveCfg = Release|Any CPU
		{29151125-E3ED-4133-AE84-54F27ADA0085}.Release|Any CPU.Build.0 = Release|Any CPU
		{C975D4AC-AC86-4C68-B2B6-74869EF0C806}.Debug|Any CPU.ActiveCfg = Debug|Any CPU
		{C975D4AC-AC86-4C68-B2B6-74869EF0C806}.Debug|Any CPU.Build.0 = Debug|Any CPU
		{C975D4AC-AC86-4C68-B2B6-74869EF0C806}.Release|Any CPU.ActiveCfg = Release|Any CPU
		{C975D4AC-AC86-4C68-B2B6-74869EF0C806}.Release|Any CPU.Build.0 = Release|Any CPU
	EndGlobalSection
	GlobalSection(SolutionProperties) = preSolution
		HideSolutionNode = FALSE
	EndGlobalSection
	GlobalSection(ExtensibilityGlobals) = postSolution
		SolutionGuid = {F04B4153-66A4-4D10-8BF3-760BC3451023}
	EndGlobalSection
EndGlobal
